
Microsoft Visual Studio Solution File, Format Version 12.00
# Visual Studio 15
VisualStudioVersion = 15.0.28307.421
MinimumVisualStudioVersion = 10.0.40219.1
Project("{F2A71F9B-5D33-465A-A702-920D77279786}") = "TestWindowsUpdateServicesApi", "TestWindowsUpdateServicesApi\TestWindowsUpdateServicesApi.fsproj", "{CEF5CA16-305C-4ADD-939D-57C02970409A}"
EndProject
Global
	GlobalSection(SolutionConfigurationPlatforms) = preSolution
		Debug|Any CPU = Debug|Any CPU
		Release|Any CPU = Release|Any CPU
	EndGlobalSection
	GlobalSection(ProjectConfigurationPlatforms) = postSolution
		{CEF5CA16-305C-4ADD-939D-57C02970409A}.Debug|Any CPU.ActiveCfg = Debug|Any CPU
		{CEF5CA16-305C-4ADD-939D-57C02970409A}.Debug|Any CPU.Build.0 = Debug|Any CPU
		{CEF5CA16-305C-4ADD-939D-57C02970409A}.Release|Any CPU.ActiveCfg = Release|Any CPU
		{CEF5CA16-305C-4ADD-939D-57C02970409A}.Release|Any CPU.Build.0 = Release|Any CPU
	EndGlobalSection
	GlobalSection(SolutionProperties) = preSolution
		HideSolutionNode = FALSE
	EndGlobalSection
	GlobalSection(ExtensibilityGlobals) = postSolution
		SolutionGuid = {516C13A2-8ECC-4314-A00A-DD7CA9B7810B}
	EndGlobalSection
EndGlobal
